// !$*UTF8*$!
{
	archiveVersion = 1;
	classes = {
	};
	objectVersion = 55;
	objects = {

/* Begin PBXBuildFile section */
		C01C601427B08C1B00C3AC83 /* PrincipalImage.swift in Sources */ = {isa = PBXBuildFile; fileRef = C01C601327B08C1B00C3AC83 /* PrincipalImage.swift */; };
		C01C601627B08FA300C3AC83 /* ImageControllers.swift in Sources */ = {isa = PBXBuildFile; fileRef = C01C601527B08FA300C3AC83 /* ImageControllers.swift */; };
		C07BBA3827AD8F9B00039385 /* todomovie4App.swift in Sources */ = {isa = PBXBuildFile; fileRef = C07BBA3727AD8F9B00039385 /* todomovie4App.swift */; };
		C07BBA3A27AD8F9B00039385 /* ContentView.swift in Sources */ = {isa = PBXBuildFile; fileRef = C07BBA3927AD8F9B00039385 /* ContentView.swift */; };
		C07BBA3C27AD8F9C00039385 /* Assets.xcassets in Resources */ = {isa = PBXBuildFile; fileRef = C07BBA3B27AD8F9C00039385 /* Assets.xcassets */; };
		C07BBA3F27AD8F9C00039385 /* Preview Assets.xcassets in Resources */ = {isa = PBXBuildFile; fileRef = C07BBA3E27AD8F9C00039385 /* Preview Assets.xcassets */; };
		C07BBA4727AD901400039385 /* MovieModel.swift in Sources */ = {isa = PBXBuildFile; fileRef = C07BBA4627AD901300039385 /* MovieModel.swift */; };
		C07BBA4927ADA25000039385 /* MovieApi.swift in Sources */ = {isa = PBXBuildFile; fileRef = C07BBA4827ADA25000039385 /* MovieApi.swift */; };
		C07BBA4C27ADA7CD00039385 /* MovieControllers.swift in Sources */ = {isa = PBXBuildFile; fileRef = C07BBA4B27ADA7CD00039385 /* MovieControllers.swift */; };
		C07BBA5027ADC3CE00039385 /* Extensions.swift in Sources */ = {isa = PBXBuildFile; fileRef = C07BBA4F27ADC3CE00039385 /* Extensions.swift */; };
		C07BBA5227ADDEA300039385 /* Header.swift in Sources */ = {isa = PBXBuildFile; fileRef = C07BBA5127ADDEA300039385 /* Header.swift */; };
		C07BBA5527AE08BB00039385 /* BodyList.swift in Sources */ = {isa = PBXBuildFile; fileRef = C07BBA5427AE08BB00039385 /* BodyList.swift */; };
		C07BBA5727AE09FD00039385 /* BodyListItem.swift in Sources */ = {isa = PBXBuildFile; fileRef = C07BBA5627AE09FD00039385 /* BodyListItem.swift */; };
		C07BBA5927AE123D00039385 /* Footer.swift in Sources */ = {isa = PBXBuildFile; fileRef = C07BBA5827AE123D00039385 /* Footer.swift */; };
/* End PBXBuildFile section */

/* Begin PBXFileReference section */
		C01C601327B08C1B00C3AC83 /* PrincipalImage.swift */ = {isa = PBXFileReference; lastKnownFileType = sourcecode.swift; path = PrincipalImage.swift; sourceTree = "<group>"; };
		C01C601527B08FA300C3AC83 /* ImageControllers.swift */ = {isa = PBXFileReference; lastKnownFileType = sourcecode.swift; path = ImageControllers.swift; sourceTree = "<group>"; };
		C07BBA3427AD8F9B00039385 /* todomovie4.app */ = {isa = PBXFileReference; explicitFileType = wrapper.application; includeInIndex = 0; path = todomovie4.app; sourceTree = BUILT_PRODUCTS_DIR; };
		C07BBA3727AD8F9B00039385 /* todomovie4App.swift */ = {isa = PBXFileReference; lastKnownFileType = sourcecode.swift; path = todomovie4App.swift; sourceTree = "<group>"; };
		C07BBA3927AD8F9B00039385 /* ContentView.swift */ = {isa = PBXFileReference; lastKnownFileType = sourcecode.swift; path = ContentView.swift; sourceTree = "<group>"; };
		C07BBA3B27AD8F9C00039385 /* Assets.xcassets */ = {isa = PBXFileReference; lastKnownFileType = folder.assetcatalog; path = Assets.xcassets; sourceTree = "<group>"; };
		C07BBA3E27AD8F9C00039385 /* Preview Assets.xcassets */ = {isa = PBXFileReference; lastKnownFileType = folder.assetcatalog; path = "Preview Assets.xcassets"; sourceTree = "<group>"; };
		C07BBA4627AD901300039385 /* MovieModel.swift */ = {isa = PBXFileReference; lastKnownFileType = sourcecode.swift; path = MovieModel.swift; sourceTree = "<group>"; };
		C07BBA4827ADA25000039385 /* MovieApi.swift */ = {isa = PBXFileReference; lastKnownFileType = sourcecode.swift; path = MovieApi.swift; sourceTree = "<group>"; };
		C07BBA4B27ADA7CD00039385 /* MovieControllers.swift */ = {isa = PBXFileReference; lastKnownFileType = sourcecode.swift; path = MovieControllers.swift; sourceTree = "<group>"; };
		C07BBA4F27ADC3CE00039385 /* Extensions.swift */ = {isa = PBXFileReference; lastKnownFileType = sourcecode.swift; path = Extensions.swift; sourceTree = "<group>"; };
		C07BBA5127ADDEA300039385 /* Header.swift */ = {isa = PBXFileReference; lastKnownFileType = sourcecode.swift; path = Header.swift; sourceTree = "<group>"; };
		C07BBA5427AE08BB00039385 /* BodyList.swift */ = {isa = PBXFileReference; lastKnownFileType = sourcecode.swift; path = BodyList.swift; sourceTree = "<group>"; };
		C07BBA5627AE09FD00039385 /* BodyListItem.swift */ = {isa = PBXFileReference; lastKnownFileType = sourcecode.swift; path = BodyListItem.swift; sourceTree = "<group>"; };
		C07BBA5827AE123D00039385 /* Footer.swift */ = {isa = PBXFileReference; lastKnownFileType = sourcecode.swift; path = Footer.swift; sourceTree = "<group>"; };
/* End PBXFileReference section */

/* Begin PBXFrameworksBuildPhase section */
		C07BBA3127AD8F9B00039385 /* Frameworks */ = {
			isa = PBXFrameworksBuildPhase;
			buildActionMask = 2147483647;
			files = (
			);
			runOnlyForDeploymentPostprocessing = 0;
		};
/* End PBXFrameworksBuildPhase section */

/* Begin PBXGroup section */
		C07BBA2B27AD8F9B00039385 = {
			isa = PBXGroup;
			children = (
				C07BBA3627AD8F9B00039385 /* todomovie4 */,
				C07BBA3527AD8F9B00039385 /* Products */,
			);
			sourceTree = "<group>";
		};
		C07BBA3527AD8F9B00039385 /* Products */ = {
			isa = PBXGroup;
			children = (
				C07BBA3427AD8F9B00039385 /* todomovie4.app */,
			);
			name = Products;
			sourceTree = "<group>";
		};
		C07BBA3627AD8F9B00039385 /* todomovie4 */ = {
			isa = PBXGroup;
			children = (
				C07BBA4E27ADC3B100039385 /* Utils */,
				C07BBA4A27ADA79B00039385 /* ViewModel */,
				C07BBA4527AD8FEA00039385 /* model */,
				C07BBA3B27AD8F9C00039385 /* Assets.xcassets */,
				C07BBA4D27ADC36300039385 /* View */,
				C07BBA3D27AD8F9C00039385 /* Preview Content */,
			);
			path = todomovie4;
			sourceTree = "<group>";
		};
		C07BBA3D27AD8F9C00039385 /* Preview Content */ = {
			isa = PBXGroup;
			children = (
				C07BBA3E27AD8F9C00039385 /* Preview Assets.xcassets */,
			);
			path = "Preview Content";
			sourceTree = "<group>";
		};
		C07BBA4527AD8FEA00039385 /* model */ = {
			isa = PBXGroup;
			children = (
				C07BBA4627AD901300039385 /* MovieModel.swift */,
				C07BBA4827ADA25000039385 /* MovieApi.swift */,
			);
			path = model;
			sourceTree = "<group>";
		};
		C07BBA4A27ADA79B00039385 /* ViewModel */ = {
			isa = PBXGroup;
			children = (
				C07BBA4B27ADA7CD00039385 /* MovieControllers.swift */,
				C01C601527B08FA300C3AC83 /* ImageControllers.swift */,
			);
			path = ViewModel;
			sourceTree = "<group>";
		};
		C07BBA4D27ADC36300039385 /* View */ = {
			isa = PBXGroup;
			children = (
				C07BBA5327AE088800039385 /* Components */,
				C07BBA3727AD8F9B00039385 /* todomovie4App.swift */,
				C07BBA3927AD8F9B00039385 /* ContentView.swift */,
			);
			path = View;
			sourceTree = "<group>";
		};
		C07BBA4E27ADC3B100039385 /* Utils */ = {
			isa = PBXGroup;
			children = (
				C07BBA4F27ADC3CE00039385 /* Extensions.swift */,
			);
			path = Utils;
			sourceTree = "<group>";
		};
		C07BBA5327AE088800039385 /* Components */ = {
			isa = PBXGroup;
			children = (
				C07BBA5127ADDEA300039385 /* Header.swift */,
				C07BBA5427AE08BB00039385 /* BodyList.swift */,
				C07BBA5627AE09FD00039385 /* BodyListItem.swift */,
				C07BBA5827AE123D00039385 /* Footer.swift */,
				C01C601327B08C1B00C3AC83 /* PrincipalImage.swift */,
			);
			path = Components;
			sourceTree = "<group>";
		};
/* End PBXGroup section */

/* Begin PBXNativeTarget section */
		C07BBA3327AD8F9B00039385 /* todomovie4 */ = {
			isa = PBXNativeTarget;
			buildConfigurationList = C07BBA4227AD8F9C00039385 /* Build configuration list for PBXNativeTarget "todomovie4" */;
			buildPhases = (
				C07BBA3027AD8F9B00039385 /* Sources */,
				C07BBA3127AD8F9B00039385 /* Frameworks */,
				C07BBA3227AD8F9B00039385 /* Resources */,
			);
			buildRules = (
			);
			dependencies = (
			);
			name = todomovie4;
			productName = todomovie4;
			productReference = C07BBA3427AD8F9B00039385 /* todomovie4.app */;
			productType = "com.apple.product-type.application";
		};
/* End PBXNativeTarget section */

/* Begin PBXProject section */
		C07BBA2C27AD8F9B00039385 /* Project object */ = {
			isa = PBXProject;
			attributes = {
				BuildIndependentTargetsInParallel = 1;
				LastSwiftUpdateCheck = 1320;
				LastUpgradeCheck = 1320;
				TargetAttributes = {
					C07BBA3327AD8F9B00039385 = {
						CreatedOnToolsVersion = 13.2.1;
					};
				};
			};
			buildConfigurationList = C07BBA2F27AD8F9B00039385 /* Build configuration list for PBXProject "todomovie4" */;
			compatibilityVersion = "Xcode 13.0";
			developmentRegion = en;
			hasScannedForEncodings = 0;
			knownRegions = (
				en,
				Base,
			);
			mainGroup = C07BBA2B27AD8F9B00039385;
			productRefGroup = C07BBA3527AD8F9B00039385 /* Products */;
			projectDirPath = "";
			projectRoot = "";
			targets = (
				C07BBA3327AD8F9B00039385 /* todomovie4 */,
			);
		};
/* End PBXProject section */

/* Begin PBXResourcesBuildPhase section */
		C07BBA3227AD8F9B00039385 /* Resources */ = {
			isa = PBXResourcesBuildPhase;
			buildActionMask = 2147483647;
			files = (
				C07BBA3F27AD8F9C00039385 /* Preview Assets.xcassets in Resources */,
				C07BBA3C27AD8F9C00039385 /* Assets.xcassets in Resources */,
			);
			runOnlyForDeploymentPostprocessing = 0;
		};
/* End PBXResourcesBuildPhase section */

/* Begin PBXSourcesBuildPhase section */
		C07BBA3027AD8F9B00039385 /* Sources */ = {
			isa = PBXSourcesBuildPhase;
			buildActionMask = 2147483647;
			files = (
				C01C601427B08C1B00C3AC83 /* PrincipalImage.swift in Sources */,
				C01C601627B08FA300C3AC83 /* ImageControllers.swift in Sources */,
				C07BBA4727AD901400039385 /* MovieModel.swift in Sources */,
				C07BBA5027ADC3CE00039385 /* Extensions.swift in Sources */,
				C07BBA3A27AD8F9B00039385 /* ContentView.swift in Sources */,
				C07BBA5527AE08BB00039385 /* BodyList.swift in Sources */,
				C07BBA5927AE123D00039385 /* Footer.swift in Sources */,
				C07BBA5727AE09FD00039385 /* BodyListItem.swift in Sources */,
				C07BBA5227ADDEA300039385 /* Header.swift in Sources */,
				C07BBA3827AD8F9B00039385 /* todomovie4App.swift in Sources */,
				C07BBA4927ADA25000039385 /* MovieApi.swift in Sources */,
				C07BBA4C27ADA7CD00039385 /* MovieControllers.swift in Sources */,
			);
			runOnlyForDeploymentPostprocessing = 0;
		};
/* End PBXSourcesBuildPhase section */

/* Begin XCBuildConfiguration section */
		C07BBA4027AD8F9C00039385 /* Debug */ = {
			isa = XCBuildConfiguration;
			buildSettings = {
				ALWAYS_SEARCH_USER_PATHS = NO;
				CLANG_ANALYZER_NONNULL = YES;
				CLANG_ANALYZER_NUMBER_OBJECT_CONVERSION = YES_AGGRESSIVE;
				CLANG_CXX_LANGUAGE_STANDARD = "gnu++17";
				CLANG_CXX_LIBRARY = "libc++";
				CLANG_ENABLE_MODULES = YES;
				CLANG_ENABLE_OBJC_ARC = YES;
				CLANG_ENABLE_OBJC_WEAK = YES;
				CLANG_WARN_BLOCK_CAPTURE_AUTORELEASING = YES;
				CLANG_WARN_BOOL_CONVERSION = YES;
				CLANG_WARN_COMMA = YES;
				CLANG_WARN_CONSTANT_CONVERSION = YES;
				CLANG_WARN_DEPRECATED_OBJC_IMPLEMENTATIONS = YES;
				CLANG_WARN_DIRECT_OBJC_ISA_USAGE = YES_ERROR;
				CLANG_WARN_DOCUMENTATION_COMMENTS = YES;
				CLANG_WARN_EMPTY_BODY = YES;
				CLANG_WARN_ENUM_CONVERSION = YES;
				CLANG_WARN_INFINITE_RECURSION = YES;
				CLANG_WARN_INT_CONVERSION = YES;
				CLANG_WARN_NON_LITERAL_NULL_CONVERSION = YES;
				CLANG_WARN_OBJC_IMPLICIT_RETAIN_SELF = YES;
				CLANG_WARN_OBJC_LITERAL_CONVERSION = YES;
				CLANG_WARN_OBJC_ROOT_CLASS = YES_ERROR;
				CLANG_WARN_QUOTED_INCLUDE_IN_FRAMEWORK_HEADER = YES;
				CLANG_WARN_RANGE_LOOP_ANALYSIS = YES;
				CLANG_WARN_STRICT_PROTOTYPES = YES;
				CLANG_WARN_SUSPICIOUS_MOVE = YES;
				CLANG_WARN_UNGUARDED_AVAILABILITY = YES_AGGRESSIVE;
				CLANG_WARN_UNREACHABLE_CODE = YES;
				CLANG_WARN__DUPLICATE_METHOD_MATCH = YES;
				COPY_PHASE_STRIP = NO;
				DEBUG_INFORMATION_FORMAT = dwarf;
				ENABLE_STRICT_OBJC_MSGSEND = YES;
				ENABLE_TESTABILITY = YES;
				GCC_C_LANGUAGE_STANDARD = gnu11;
				GCC_DYNAMIC_NO_PIC = NO;
				GCC_NO_COMMON_BLOCKS = YES;
				GCC_OPTIMIZATION_LEVEL = 0;
				GCC_PREPROCESSOR_DEFINITIONS = (
					"DEBUG=1",
					"$(inherited)",
				);
				GCC_WARN_64_TO_32_BIT_CONVERSION = YES;
				GCC_WARN_ABOUT_RETURN_TYPE = YES_ERROR;
				GCC_WARN_UNDECLARED_SELECTOR = YES;
				GCC_WARN_UNINITIALIZED_AUTOS = YES_AGGRESSIVE;
				GCC_WARN_UNUSED_FUNCTION = YES;
				GCC_WARN_UNUSED_VARIABLE = YES;
				IPHONEOS_DEPLOYMENT_TARGET = 15.2;
				MTL_ENABLE_DEBUG_INFO = INCLUDE_SOURCE;
				MTL_FAST_MATH = YES;
				ONLY_ACTIVE_ARCH = YES;
				SDKROOT = iphoneos;
				SWIFT_ACTIVE_COMPILATION_CONDITIONS = DEBUG;
				SWIFT_OPTIMIZATION_LEVEL = "-Onone";
			};
			name = Debug;
		};
		C07BBA4127AD8F9C00039385 /* Release */ = {
			isa = XCBuildConfiguration;
			buildSettings = {
				ALWAYS_SEARCH_USER_PATHS = NO;
				CLANG_ANALYZER_NONNULL = YES;
				CLANG_ANALYZER_NUMBER_OBJECT_CONVERSION = YES_AGGRESSIVE;
				CLANG_CXX_LANGUAGE_STANDARD = "gnu++17";
				CLANG_CXX_LIBRARY = "libc++";
				CLANG_ENABLE_MODULES = YES;
				CLANG_ENABLE_OBJC_ARC = YES;
				CLANG_ENABLE_OBJC_WEAK = YES;
				CLANG_WARN_BLOCK_CAPTURE_AUTORELEASING = YES;
				CLANG_WARN_BOOL_CONVERSION = YES;
				CLANG_WARN_COMMA = YES;
				CLANG_WARN_CONSTANT_CONVERSION = YES;
				CLANG_WARN_DEPRECATED_OBJC_IMPLEMENTATIONS = YES;
				CLANG_WARN_DIRECT_OBJC_ISA_USAGE = YES_ERROR;
				CLANG_WARN_DOCUMENTATION_COMMENTS = YES;
				CLANG_WARN_EMPTY_BODY = YES;
				CLANG_WARN_ENUM_CONVERSION = YES;
				CLANG_WARN_INFINITE_RECURSION = YES;
				CLANG_WARN_INT_CONVERSION = YES;
				CLANG_WARN_NON_LITERAL_NULL_CONVERSION = YES;
				CLANG_WARN_OBJC_IMPLICIT_RETAIN_SELF = YES;
				CLANG_WARN_OBJC_LITERAL_CONVERSION = YES;
				CLANG_WARN_OBJC_ROOT_CLASS = YES_ERROR;
				CLANG_WARN_QUOTED_INCLUDE_IN_FRAMEWORK_HEADER = YES;
				CLANG_WARN_RANGE_LOOP_ANALYSIS = YES;
				CLANG_WARN_STRICT_PROTOTYPES = YES;
				CLANG_WARN_SUSPICIOUS_MOVE = YES;
				CLANG_WARN_UNGUARDED_AVAILABILITY = YES_AGGRESSIVE;
				CLANG_WARN_UNREACHABLE_CODE = YES;
				CLANG_WARN__DUPLICATE_METHOD_MATCH = YES;
				COPY_PHASE_STRIP = NO;
				DEBUG_INFORMATION_FORMAT = "dwarf-with-dsym";
				ENABLE_NS_ASSERTIONS = NO;
				ENABLE_STRICT_OBJC_MSGSEND = YES;
				GCC_C_LANGUAGE_STANDARD = gnu11;
				GCC_NO_COMMON_BLOCKS = YES;
				GCC_WARN_64_TO_32_BIT_CONVERSION = YES;
				GCC_WARN_ABOUT_RETURN_TYPE = YES_ERROR;
				GCC_WARN_UNDECLARED_SELECTOR = YES;
				GCC_WARN_UNINITIALIZED_AUTOS = YES_AGGRESSIVE;
				GCC_WARN_UNUSED_FUNCTION = YES;
				GCC_WARN_UNUSED_VARIABLE = YES;
				IPHONEOS_DEPLOYMENT_TARGET = 15.2;
				MTL_ENABLE_DEBUG_INFO = NO;
				MTL_FAST_MATH = YES;
				SDKROOT = iphoneos;
				SWIFT_COMPILATION_MODE = wholemodule;
				SWIFT_OPTIMIZATION_LEVEL = "-O";
				VALIDATE_PRODUCT = YES;
			};
			name = Release;
		};
		C07BBA4327AD8F9C00039385 /* Debug */ = {
			isa = XCBuildConfiguration;
			buildSettings = {
				ASSETCATALOG_COMPILER_APPICON_NAME = AppIcon;
				ASSETCATALOG_COMPILER_GLOBAL_ACCENT_COLOR_NAME = AccentColor;
				CODE_SIGN_STYLE = Automatic;
				CURRENT_PROJECT_VERSION = 1;
				DEVELOPMENT_ASSET_PATHS = "\"todomovie4/Preview Content\"";
				ENABLE_PREVIEWS = YES;
				GENERATE_INFOPLIST_FILE = YES;
				INFOPLIST_KEY_UIApplicationSceneManifest_Generation = YES;
				INFOPLIST_KEY_UIApplicationSupportsIndirectInputEvents = YES;
				INFOPLIST_KEY_UILaunchScreen_Generation = YES;
				INFOPLIST_KEY_UISupportedInterfaceOrientations_iPad = "UIInterfaceOrientationPortrait UIInterfaceOrientationPortraitUpsideDown UIInterfaceOrientationLandscapeLeft UIInterfaceOrientationLandscapeRight";
				INFOPLIST_KEY_UISupportedInterfaceOrientations_iPhone = UIInterfaceOrientationPortrait;
				LD_RUNPATH_SEARCH_PATHS = (
					"$(inherited)",
					"@executable_path/Frameworks",
				);
				MARKETING_VERSION = 1.0;
				PRODUCT_BUNDLE_IDENTIFIER = com.mobile2youteste.todomovie4;
				PRODUCT_NAME = "$(TARGET_NAME)";
				SWIFT_EMIT_LOC_STRINGS = YES;
				SWIFT_VERSION = 5.0;
				TARGETED_DEVICE_FAMILY = "1,2";
			};
			name = Debug;
		};
		C07BBA4427AD8F9C00039385 /* Release */ = {
			isa = XCBuildConfiguration;
			buildSettings = {
				ASSETCATALOG_COMPILER_APPICON_NAME = AppIcon;
				ASSETCATALOG_COMPILER_GLOBAL_ACCENT_COLOR_NAME = AccentColor;
				CODE_SIGN_STYLE = Automatic;
				CURRENT_PROJECT_VERSION = 1;
				DEVELOPMENT_ASSET_PATHS = "\"todomovie4/Preview Content\"";
				ENABLE_PREVIEWS = YES;
				GENERATE_INFOPLIST_FILE = YES;
				INFOPLIST_KEY_UIApplicationSceneManifest_Generation = YES;
				INFOPLIST_KEY_UIApplicationSupportsIndirectInputEvents = YES;
				INFOPLIST_KEY_UILaunchScreen_Generation = YES;
				INFOPLIST_KEY_UISupportedInterfaceOrientations_iPad = "UIInterfaceOrientationPortrait UIInterfaceOrientationPortraitUpsideDown UIInterfaceOrientationLandscapeLeft UIInterfaceOrientationLandscapeRight";
				INFOPLIST_KEY_UISupportedInterfaceOrientations_iPhone = UIInterfaceOrientationPortrait;
				LD_RUNPATH_SEARCH_PATHS = (
					"$(inherited)",
					"@executable_path/Frameworks",
				);
				MARKETING_VERSION = 1.0;
				PRODUCT_BUNDLE_IDENTIFIER = com.mobile2youteste.todomovie4;
				PRODUCT_NAME = "$(TARGET_NAME)";
				SWIFT_EMIT_LOC_STRINGS = YES;
				SWIFT_VERSION = 5.0;
				TARGETED_DEVICE_FAMILY = "1,2";
			};
			name = Release;
		};
/* End XCBuildConfiguration section */

/* Begin XCConfigurationList section */
		C07BBA2F27AD8F9B00039385 /* Build configuration list for PBXProject "todomovie4" */ = {
			isa = XCConfigurationList;
			buildConfigurations = (
				C07BBA4027AD8F9C00039385 /* Debug */,
				C07BBA4127AD8F9C00039385 /* Release */,
			);
			defaultConfigurationIsVisible = 0;
			defaultConfigurationName = Release;
		};
		C07BBA4227AD8F9C00039385 /* Build configuration list for PBXNativeTarget "todomovie4" */ = {
			isa = XCConfigurationList;
			buildConfigurations = (
				C07BBA4327AD8F9C00039385 /* Debug */,
				C07BBA4427AD8F9C00039385 /* Release */,
			);
			defaultConfigurationIsVisible = 0;
			defaultConfigurationName = Release;
		};
/* End XCConfigurationList section */
	};
	rootObject = C07BBA2C27AD8F9B00039385 /* Project object */;
}
